
Microsoft Visual Studio Solution File, Format Version 12.00
# Visual Studio Version 16
VisualStudioVersion = 16.0.32126.315
MinimumVisualStudioVersion = 10.0.40219.1
Project("{FAE04EC0-301F-11D3-BF4B-00C04F79EFBC}") = "Proje 2", "Proje 2\Proje 2.csproj", "{2CD14070-8E91-4BFF-9C70-A5B36F93FA25}"
EndProject
Global
	GlobalSection(SolutionConfigurationPlatforms) = preSolution
		Debug|Any CPU = Debug|Any CPU
		Release|Any CPU = Release|Any CPU
	EndGlobalSection
	GlobalSection(ProjectConfigurationPlatforms) = postSolution
		{2CD14070-8E91-4BFF-9C70-A5B36F93FA25}.Debug|Any CPU.ActiveCfg = Debug|Any CPU
		{2CD14070-8E91-4BFF-9C70-A5B36F93FA25}.Debug|Any CPU.Build.0 = Debug|Any CPU
		{2CD14070-8E91-4BFF-9C70-A5B36F93FA25}.Release|Any CPU.ActiveCfg = Release|Any CPU
		{2CD14070-8E91-4BFF-9C70-A5B36F93FA25}.Release|Any CPU.Build.0 = Release|Any CPU
	EndGlobalSection
	GlobalSection(SolutionProperties) = preSolution
		HideSolutionNode = FALSE
	EndGlobalSection
	GlobalSection(ExtensibilityGlobals) = postSolution
		SolutionGuid = {40E18438-A622-48F4-B97C-46E5E5C0667B}
	EndGlobalSection
EndGlobal
